
Microsoft Visual Studio Solution File, Format Version 12.00
Project("{FAE04EC0-301F-11D3-BF4B-00C04F79EFBC}") = "GameEngineDemo2", "GameEngineDemo2.csproj", "{8B443A95-AD5E-4C16-BDA3-FAB1EEC0231B}"
EndProject
Global
	GlobalSection(SolutionConfigurationPlatforms) = preSolution
		Debug|Any CPU = Debug|Any CPU
		Release|Any CPU = Release|Any CPU
	EndGlobalSection
	GlobalSection(ProjectConfigurationPlatforms) = postSolution
		{8B443A95-AD5E-4C16-BDA3-FAB1EEC0231B}.Debug|Any CPU.ActiveCfg = Debug|Any CPU
		{8B443A95-AD5E-4C16-BDA3-FAB1EEC0231B}.Debug|Any CPU.Build.0 = Debug|Any CPU
		{8B443A95-AD5E-4C16-BDA3-FAB1EEC0231B}.Release|Any CPU.ActiveCfg = Release|Any CPU
		{8B443A95-AD5E-4C16-BDA3-FAB1EEC0231B}.Release|Any CPU.Build.0 = Release|Any CPU
	EndGlobalSection
EndGlobal
